
Microsoft Visual Studio Solution File, Format Version 12.00
# Visual Studio Version 17
VisualStudioVersion = 17.3.32811.315
MinimumVisualStudioVersion = 10.0.40219.1
Project("{8BC9CEB8-8B4A-11D0-8D11-00A0C91BC942}") = "Waleed Lab B", "Waleed Lab B\Waleed Lab B.vcxproj", "{1D5CCEDB-50BB-4FA6-ABA3-39B53DB93AAE}"
EndProject
Global
	GlobalSection(SolutionConfigurationPlatforms) = preSolution
		Debug|x64 = Debug|x64
		Debug|x86 = Debug|x86
		Release|x64 = Release|x64
		Release|x86 = Release|x86
	EndGlobalSection
	GlobalSection(ProjectConfigurationPlatforms) = postSolution
		{1D5CCEDB-50BB-4FA6-ABA3-39B53DB93AAE}.Debug|x64.ActiveCfg = Debug|x64
		{1D5CCEDB-50BB-4FA6-ABA3-39B53DB93AAE}.Debug|x64.Build.0 = Debug|x64
		{1D5CCEDB-50BB-4FA6-ABA3-39B53DB93AAE}.Debug|x86.ActiveCfg = Debug|Win32
		{1D5CCEDB-50BB-4FA6-ABA3-39B53DB93AAE}.Debug|x86.Build.0 = Debug|Win32
		{1D5CCEDB-50BB-4FA6-ABA3-39B53DB93AAE}.Release|x64.ActiveCfg = Release|x64
		{1D5CCEDB-50BB-4FA6-ABA3-39B53DB93AAE}.Release|x64.Build.0 = Release|x64
		{1D5CCEDB-50BB-4FA6-ABA3-39B53DB93AAE}.Release|x86.ActiveCfg = Release|Win32
		{1D5CCEDB-50BB-4FA6-ABA3-39B53DB93AAE}.Release|x86.Build.0 = Release|Win32
	EndGlobalSection
	GlobalSection(SolutionProperties) = preSolution
		HideSolutionNode = FALSE
	EndGlobalSection
	GlobalSection(ExtensibilityGlobals) = postSolution
		SolutionGuid = {192C4530-61EB-4628-B375-87C9A0B7AB40}
	EndGlobalSection
EndGlobal
